[[package]]
name = "pyside2"
version = "5.13.2"
description = "Python bindings for the Qt cross-platform application and UI framework"
category = "main"
optional = false
python-versions = "*"

[package.dependencies]
shiboken2 = "5.13.2"

[[package]]
name = "pysimplegui"
version = "4.60.0"
description = "Python GUIs for Humans. Launched in 2018. It's 2022 & PySimpleGUI is an ACTIVE & supported project. Super-simple to create custom GUI's. 325+ Demo programs & Cookbook for rapid start. Extensive documentation. Main docs at www.PySimpleGUI.org. Fun & your success are the focus. Examples using Machine Learning (GUI, OpenCV Integration), Rainmeter Style Desktop Widgets, Matplotlib + Pyplot, PIL support, add GUI to command line scripts, PDF & Image Viewers. Great for beginners & advanced GUI programmers."
category = "main"
optional = false
python-versions = "*"

[[package]]
name = "pysimpleguiqt"
version = "0.35.0"
description = "The Alpha Qt version of PySimpleGUI, this GUI SDK Launched in 2018 Actively developed and supported. Requires pyside2 from Qt. Super-simple to create custom GUI's.  Now supports both tkinter, Qt, WxPython and Web (Remi)"
category = "main"
optional = false
python-versions = "*"

[package.dependencies]
pyside2 = "*"

[[package]]
name = "shiboken2"
version = "5.13.2"
description = "Python / C++ bindings helper module"
category = "main"
optional = false
python-versions = "*"

[metadata]
lock-version = "1.1"
python-versions = "^3.9"
content-hash = "679e5b08bf322d93d7fad9e22467372bd504ce4e1ba73e0393d5cf1dee9ac3a5"

[metadata.files]
pyside2 = [
    {file = "PySide2-5.13.2-5.13.2-cp27-cp27m-macosx_10_12_intel.whl", hash = "sha256:ede8ed6e7021232184829d16614eb153f188ea250862304eac35e04b2bd0120c"},
    {file = "PySide2-5.13.2-5.13.2-cp27-cp27mu-manylinux1_x86_64.whl", hash = "sha256:63cc845434388b398b79b65f7b5312b9b5348fbc772d84092c9245efbf341197"},
    {file = "PySide2-5.13.2-5.13.2-cp35.cp36.cp37-abi3-macosx_10_12_intel.whl", hash = "sha256:ed6d22c7a3a99f480d4c9348bcced97ef7bc0c9d353ad3665ae705e8eb61feb5"},
    {file = "PySide2-5.13.2-5.13.2-cp35.cp36.cp37-abi3-manylinux1_x86_64.whl", hash = "sha256:7c57fe60ed57a3a8b95d9163abca9caa803a1470f29b40bff8ef4103b97a96c8"},
    {file = "PySide2-5.13.2-5.13.2-cp35.cp36.cp37-none-win32.whl", hash = "sha256:7c61a6883f3474939097b9dabc80f028887046be003ce416da1b3565a08d1f92"},
    {file = "PySide2-5.13.2-5.13.2-cp35.cp36.cp37-none-win_amd64.whl", hash = "sha256:589b90944c24046d31bf76694590a600d59d20130015086491b793a81753629a"},
]
pysimplegui = [
    {file = "PySimpleGUI-4.60.0-py3-none-any.whl", hash = "sha256:586d40fa2769a5075bc109f8ccd5af735ce3914edde1d721ee8ea855d76fc089"},
    {file = "PySimpleGUI-4.60.0.tar.gz", hash = "sha256:72a9c7617317dca1aacb7e7af2a678eb70113842fe9cd03d5ec6ff9f530c7fcf"},
]
pysimpleguiqt = [
    {file = "PySimpleGUIQt-0.35.0-py3-none-any.whl", hash = "sha256:312c3305d048cac3f87655546d2648b36d02a5f7e1a958913f8fce1a2098cb6c"},
    {file = "PySimpleGUIQt-0.35.0.tar.gz", hash = "sha256:2c18ea261554235a2cdaee76e616d0adc148501e89bf4112a798f2a69bf3c8b5"},
]
shiboken2 = [
    {file = "shiboken2-5.13.2-5.13.2-cp27-cp27m-macosx_10_12_intel.whl", hash = "sha256:7c766c4160636a238e0e4430e2f40b504b13bcc4951902eb78cd5c971f26c898"},
    {file = "shiboken2-5.13.2-5.13.2-cp27-cp27mu-manylinux1_x86_64.whl", hash = "sha256:e6543506cb353d417961b9ec3c6fc726ec2f72eeab609dc88943c2e5cb6d6408"},
    {file = "shiboken2-5.13.2-5.13.2-cp35.cp36.cp37-abi3-macosx_10_12_intel.whl", hash = "sha256:ca08a3c95b1b20ac2b243b7b06379609bd73929dbc27b28c01415feffe3bcea1"},
    {file = "shiboken2-5.13.2-5.13.2-cp35.cp36.cp37-abi3-manylinux1_x86_64.whl", hash = "sha256:81fa9b288c6c4b4c91220fcca2002eadb48fc5c3238e8bd88e982e00ffa77c53"},
    {file = "shiboken2-5.13.2-5.13.2-cp35.cp36.cp37-none-win32.whl", hash = "sha256:e2f72b5cfdb8b48bdb55bda4b42ec7d36d1bce0be73d6d7d4a358225d6fb5f25"},
    {file = "shiboken2-5.13.2-5.13.2-cp35.cp36.cp37-none-win_amd64.whl", hash = "sha256:5e84a4b4e7ab08bb5db0a8168e5d0316fbf3c25b788012701a82079faadfb19b"},
]
